// !$*UTF8*$!
{
	archiveVersion = 1;
	classes = {
	};
	objectVersion = 50;
	objects = {

/* Begin PBXBuildFile section */
		CB1DA875268F32BA00EA359E /* FructusApp.swift in Sources */ = {isa = PBXBuildFile; fileRef = CB1DA874268F32BA00EA359E /* FructusApp.swift */; };
		CB1DA877268F32BA00EA359E /* ContentView.swift in Sources */ = {isa = PBXBuildFile; fileRef = CB1DA876268F32BA00EA359E /* ContentView.swift */; };
		CB1DA879268F32BC00EA359E /* Assets.xcassets in Resources */ = {isa = PBXBuildFile; fileRef = CB1DA878268F32BC00EA359E /* Assets.xcassets */; };
		CB1DA87C268F32BC00EA359E /* Preview Assets.xcassets in Resources */ = {isa = PBXBuildFile; fileRef = CB1DA87B268F32BC00EA359E /* Preview Assets.xcassets */; };
		CB1DA886268F38E300EA359E /* FruitCardView.swift in Sources */ = {isa = PBXBuildFile; fileRef = CB1DA885268F38E300EA359E /* FruitCardView.swift */; };
		CB2242E8268F4ED90088201A /* FruitRowView.swift in Sources */ = {isa = PBXBuildFile; fileRef = CB2242E7268F4ED90088201A /* FruitRowView.swift */; };
		CB2242EA268F57150088201A /* FruitDetailView.swift in Sources */ = {isa = PBXBuildFile; fileRef = CB2242E9268F57150088201A /* FruitDetailView.swift */; };
		CB2242EC268F93EA0088201A /* FruitHeaderView.swift in Sources */ = {isa = PBXBuildFile; fileRef = CB2242EB268F93EA0088201A /* FruitHeaderView.swift */; };
		CB2242EE268F965C0088201A /* SourceLinkView.swift in Sources */ = {isa = PBXBuildFile; fileRef = CB2242ED268F965C0088201A /* SourceLinkView.swift */; };
		CB3FBEB8268F3D430039FB41 /* StartButtonView.swift in Sources */ = {isa = PBXBuildFile; fileRef = CB3FBEB7268F3D430039FB41 /* StartButtonView.swift */; };
		CB3FBEBA268F40350039FB41 /* OnboardingView.swift in Sources */ = {isa = PBXBuildFile; fileRef = CB3FBEB9268F40350039FB41 /* OnboardingView.swift */; };
		CB3FBEBD268F42DA0039FB41 /* FruitModel.swift in Sources */ = {isa = PBXBuildFile; fileRef = CB3FBEBC268F42DA0039FB41 /* FruitModel.swift */; };
		CB3FBEC0268F43BC0039FB41 /* FruitData.swift in Sources */ = {isa = PBXBuildFile; fileRef = CB3FBEBF268F43BC0039FB41 /* FruitData.swift */; };
		CB468C212692FEE0008A95C0 /* SettingsRowView.swift in Sources */ = {isa = PBXBuildFile; fileRef = CB468C202692FEE0008A95C0 /* SettingsRowView.swift */; };
		CBF2163D26902FCA0035F484 /* FruitNutrientsView.swift in Sources */ = {isa = PBXBuildFile; fileRef = CBF2163C26902FCA0035F484 /* FruitNutrientsView.swift */; };
		CBF2163F2690DD910035F484 /* SettingsView.swift in Sources */ = {isa = PBXBuildFile; fileRef = CBF2163E2690DD910035F484 /* SettingsView.swift */; };
		CBF216412690E20E0035F484 /* SettingsLabelView.swift in Sources */ = {isa = PBXBuildFile; fileRef = CBF216402690E20E0035F484 /* SettingsLabelView.swift */; };
/* End PBXBuildFile section */

/* Begin PBXFileReference section */
		CB1DA871268F32BA00EA359E /* Fructus.app */ = {isa = PBXFileReference; explicitFileType = wrapper.application; includeInIndex = 0; path = Fructus.app; sourceTree = BUILT_PRODUCTS_DIR; };
		CB1DA874268F32BA00EA359E /* FructusApp.swift */ = {isa = PBXFileReference; lastKnownFileType = sourcecode.swift; path = FructusApp.swift; sourceTree = "<group>"; };
		CB1DA876268F32BA00EA359E /* ContentView.swift */ = {isa = PBXFileReference; lastKnownFileType = sourcecode.swift; path = ContentView.swift; sourceTree = "<group>"; };
		CB1DA878268F32BC00EA359E /* Assets.xcassets */ = {isa = PBXFileReference; lastKnownFileType = folder.assetcatalog; path = Assets.xcassets; sourceTree = "<group>"; };
		CB1DA87B268F32BC00EA359E /* Preview Assets.xcassets */ = {isa = PBXFileReference; lastKnownFileType = folder.assetcatalog; path = "Preview Assets.xcassets"; sourceTree = "<group>"; };
		CB1DA87D268F32BC00EA359E /* Info.plist */ = {isa = PBXFileReference; lastKnownFileType = text.plist.xml; path = Info.plist; sourceTree = "<group>"; };
		CB1DA885268F38E300EA359E /* FruitCardView.swift */ = {isa = PBXFileReference; lastKnownFileType = sourcecode.swift; path = FruitCardView.swift; sourceTree = "<group>"; };
		CB2242E7268F4ED90088201A /* FruitRowView.swift */ = {isa = PBXFileReference; lastKnownFileType = sourcecode.swift; path = FruitRowView.swift; sourceTree = "<group>"; };
		CB2242E9268F57150088201A /* FruitDetailView.swift */ = {isa = PBXFileReference; lastKnownFileType = sourcecode.swift; path = FruitDetailView.swift; sourceTree = "<group>"; };
		CB2242EB268F93EA0088201A /* FruitHeaderView.swift */ = {isa = PBXFileReference; lastKnownFileType = sourcecode.swift; path = FruitHeaderView.swift; sourceTree = "<group>"; };
		CB2242ED268F965C0088201A /* SourceLinkView.swift */ = {isa = PBXFileReference; lastKnownFileType = sourcecode.swift; path = SourceLinkView.swift; sourceTree = "<group>"; };
		CB3FBEB7268F3D430039FB41 /* StartButtonView.swift */ = {isa = PBXFileReference; lastKnownFileType = sourcecode.swift; path = StartButtonView.swift; sourceTree = "<group>"; };
		CB3FBEB9268F40350039FB41 /* OnboardingView.swift */ = {isa = PBXFileReference; lastKnownFileType = sourcecode.swift; path = OnboardingView.swift; sourceTree = "<group>"; };
		CB3FBEBC268F42DA0039FB41 /* FruitModel.swift */ = {isa = PBXFileReference; lastKnownFileType = sourcecode.swift; path = FruitModel.swift; sourceTree = "<group>"; };
		CB3FBEBF268F43BC0039FB41 /* FruitData.swift */ = {isa = PBXFileReference; lastKnownFileType = sourcecode.swift; path = FruitData.swift; sourceTree = "<group>"; };
		CB468C202692FEE0008A95C0 /* SettingsRowView.swift */ = {isa = PBXFileReference; lastKnownFileType = sourcecode.swift; path = SettingsRowView.swift; sourceTree = "<group>"; };
		CBF2163C26902FCA0035F484 /* FruitNutrientsView.swift */ = {isa = PBXFileReference; lastKnownFileType = sourcecode.swift; path = FruitNutrientsView.swift; sourceTree = "<group>"; };
		CBF2163E2690DD910035F484 /* SettingsView.swift */ = {isa = PBXFileReference; lastKnownFileType = sourcecode.swift; path = SettingsView.swift; sourceTree = "<group>"; };
		CBF216402690E20E0035F484 /* SettingsLabelView.swift */ = {isa = PBXFileReference; lastKnownFileType = sourcecode.swift; path = SettingsLabelView.swift; sourceTree = "<group>"; };
/* End PBXFileReference section */

/* Begin PBXFrameworksBuildPhase section */
		CB1DA86E268F32BA00EA359E /* Frameworks */ = {
			isa = PBXFrameworksBuildPhase;
			buildActionMask = 2147483647;
			files = (
			);
			runOnlyForDeploymentPostprocessing = 0;
		};
/* End PBXFrameworksBuildPhase section */

/* Begin PBXGroup section */
		CB1DA868268F32BA00EA359E = {
			isa = PBXGroup;
			children = (
				CB1DA873268F32BA00EA359E /* Fructus */,
				CB1DA872268F32BA00EA359E /* Products */,
			);
			sourceTree = "<group>";
		};
		CB1DA872268F32BA00EA359E /* Products */ = {
			isa = PBXGroup;
			children = (
				CB1DA871268F32BA00EA359E /* Fructus.app */,
			);
			name = Products;
			sourceTree = "<group>";
		};
		CB1DA873268F32BA00EA359E /* Fructus */ = {
			isa = PBXGroup;
			children = (
				CB3FBEBE268F43A90039FB41 /* Data */,
				CB3FBEBB268F42BF0039FB41 /* Model */,
				CB1DA884268F38BF00EA359E /* View */,
				CB1DA883268F387C00EA359E /* App */,
				CB1DA878268F32BC00EA359E /* Assets.xcassets */,
				CB1DA87D268F32BC00EA359E /* Info.plist */,
				CB1DA87A268F32BC00EA359E /* Preview Content */,
			);
			path = Fructus;
			sourceTree = "<group>";
		};
		CB1DA87A268F32BC00EA359E /* Preview Content */ = {
			isa = PBXGroup;
			children = (
				CB1DA87B268F32BC00EA359E /* Preview Assets.xcassets */,
			);
			path = "Preview Content";
			sourceTree = "<group>";
		};
		CB1DA883268F387C00EA359E /* App */ = {
			isa = PBXGroup;
			children = (
				CB1DA874268F32BA00EA359E /* FructusApp.swift */,
				CB1DA876268F32BA00EA359E /* ContentView.swift */,
				CB3FBEB9268F40350039FB41 /* OnboardingView.swift */,
				CB2242E9268F57150088201A /* FruitDetailView.swift */,
				CBF2163E2690DD910035F484 /* SettingsView.swift */,
			);
			path = App;
			sourceTree = "<group>";
		};
		CB1DA884268F38BF00EA359E /* View */ = {
			isa = PBXGroup;
			children = (
				CB1DA885268F38E300EA359E /* FruitCardView.swift */,
				CB3FBEB7268F3D430039FB41 /* StartButtonView.swift */,
				CB2242E7268F4ED90088201A /* FruitRowView.swift */,
				CB2242EB268F93EA0088201A /* FruitHeaderView.swift */,
				CB2242ED268F965C0088201A /* SourceLinkView.swift */,
				CBF2163C26902FCA0035F484 /* FruitNutrientsView.swift */,
				CBF216402690E20E0035F484 /* SettingsLabelView.swift */,
				CB468C202692FEE0008A95C0 /* SettingsRowView.swift */,
			);
			path = View;
			sourceTree = "<group>";
		};
		CB3FBEBB268F42BF0039FB41 /* Model */ = {
			isa = PBXGroup;
			children = (
				CB3FBEBC268F42DA0039FB41 /* FruitModel.swift */,
			);
			path = Model;
			sourceTree = "<group>";
		};
		CB3FBEBE268F43A90039FB41 /* Data */ = {
			isa = PBXGroup;
			children = (
				CB3FBEBF268F43BC0039FB41 /* FruitData.swift */,
			);
			path = Data;
			sourceTree = "<group>";
		};
/* End PBXGroup section */

/* Begin PBXNativeTarget section */
		CB1DA870268F32BA00EA359E /* Fructus */ = {
			isa = PBXNativeTarget;
			buildConfigurationList = CB1DA880268F32BC00EA359E /* Build configuration list for PBXNativeTarget "Fructus" */;
			buildPhases = (
				CB1DA86D268F32BA00EA359E /* Sources */,
				CB1DA86E268F32BA00EA359E /* Frameworks */,
				CB1DA86F268F32BA00EA359E /* Resources */,
			);
			buildRules = (
			);
			dependencies = (
			);
			name = Fructus;
			productName = Fructus;
			productReference = CB1DA871268F32BA00EA359E /* Fructus.app */;
			productType = "com.apple.product-type.application";
		};
/* End PBXNativeTarget section */

/* Begin PBXProject section */
		CB1DA869268F32BA00EA359E /* Project object */ = {
			isa = PBXProject;
			attributes = {
				LastSwiftUpdateCheck = 1250;
				LastUpgradeCheck = 1250;
				TargetAttributes = {
					CB1DA870268F32BA00EA359E = {
						CreatedOnToolsVersion = 12.5.1;
					};
				};
			};
			buildConfigurationList = CB1DA86C268F32BA00EA359E /* Build configuration list for PBXProject "Fructus" */;
			compatibilityVersion = "Xcode 9.3";
			developmentRegion = en;
			hasScannedForEncodings = 0;
			knownRegions = (
				en,
				Base,
			);
			mainGroup = CB1DA868268F32BA00EA359E;
			productRefGroup = CB1DA872268F32BA00EA359E /* Products */;
			projectDirPath = "";
			projectRoot = "";
			targets = (
				CB1DA870268F32BA00EA359E /* Fructus */,
			);
		};
/* End PBXProject section */

/* Begin PBXResourcesBuildPhase section */
		CB1DA86F268F32BA00EA359E /* Resources */ = {
			isa = PBXResourcesBuildPhase;
			buildActionMask = 2147483647;
			files = (
				CB1DA87C268F32BC00EA359E /* Preview Assets.xcassets in Resources */,
				CB1DA879268F32BC00EA359E /* Assets.xcassets in Resources */,
			);
			runOnlyForDeploymentPostprocessing = 0;
		};
/* End PBXResourcesBuildPhase section */

/* Begin PBXSourcesBuildPhase section */
		CB1DA86D268F32BA00EA359E /* Sources */ = {
			isa = PBXSourcesBuildPhase;
			buildActionMask = 2147483647;
			files = (
				CB3FBEC0268F43BC0039FB41 /* FruitData.swift in Sources */,
				CB2242EE268F965C0088201A /* SourceLinkView.swift in Sources */,
				CB468C212692FEE0008A95C0 /* SettingsRowView.swift in Sources */,
				CB1DA886268F38E300EA359E /* FruitCardView.swift in Sources */,
				CB2242E8268F4ED90088201A /* FruitRowView.swift in Sources */,
				CBF2163D26902FCA0035F484 /* FruitNutrientsView.swift in Sources */,
				CB3FBEB8268F3D430039FB41 /* StartButtonView.swift in Sources */,
				CB2242EA268F57150088201A /* FruitDetailView.swift in Sources */,
				CB1DA877268F32BA00EA359E /* ContentView.swift in Sources */,
				CB2242EC268F93EA0088201A /* FruitHeaderView.swift in Sources */,
				CB3FBEBA268F40350039FB41 /* OnboardingView.swift in Sources */,
				CBF216412690E20E0035F484 /* SettingsLabelView.swift in Sources */,
				CB3FBEBD268F42DA0039FB41 /* FruitModel.swift in Sources */,
				CB1DA875268F32BA00EA359E /* FructusApp.swift in Sources */,
				CBF2163F2690DD910035F484 /* SettingsView.swift in Sources */,
			);
			runOnlyForDeploymentPostprocessing = 0;
		};
/* End PBXSourcesBuildPhase section */

/* Begin XCBuildConfiguration section */
		CB1DA87E268F32BC00EA359E /* Debug */ = {
			isa = XCBuildConfiguration;
			buildSettings = {
				ALWAYS_SEARCH_USER_PATHS = NO;
				CLANG_ANALYZER_NONNULL = YES;
				CLANG_ANALYZER_NUMBER_OBJECT_CONVERSION = YES_AGGRESSIVE;
				CLANG_CXX_LANGUAGE_STANDARD = "gnu++14";
				CLANG_CXX_LIBRARY = "libc++";
				CLANG_ENABLE_MODULES = YES;
				CLANG_ENABLE_OBJC_ARC = YES;
				CLANG_ENABLE_OBJC_WEAK = YES;
				CLANG_WARN_BLOCK_CAPTURE_AUTORELEASING = YES;
				CLANG_WARN_BOOL_CONVERSION = YES;
				CLANG_WARN_COMMA = YES;
				CLANG_WARN_CONSTANT_CONVERSION = YES;
				CLANG_WARN_DEPRECATED_OBJC_IMPLEMENTATIONS = YES;
				CLANG_WARN_DIRECT_OBJC_ISA_USAGE = YES_ERROR;
				CLANG_WARN_DOCUMENTATION_COMMENTS = YES;
				CLANG_WARN_EMPTY_BODY = YES;
				CLANG_WARN_ENUM_CONVERSION = YES;
				CLANG_WARN_INFINITE_RECURSION = YES;
				CLANG_WARN_INT_CONVERSION = YES;
				CLANG_WARN_NON_LITERAL_NULL_CONVERSION = YES;
				CLANG_WARN_OBJC_IMPLICIT_RETAIN_SELF = YES;
				CLANG_WARN_OBJC_LITERAL_CONVERSION = YES;
				CLANG_WARN_OBJC_ROOT_CLASS = YES_ERROR;
				CLANG_WARN_QUOTED_INCLUDE_IN_FRAMEWORK_HEADER = YES;
				CLANG_WARN_RANGE_LOOP_ANALYSIS = YES;
				CLANG_WARN_STRICT_PROTOTYPES = YES;
				CLANG_WARN_SUSPICIOUS_MOVE = YES;
				CLANG_WARN_UNGUARDED_AVAILABILITY = YES_AGGRESSIVE;
				CLANG_WARN_UNREACHABLE_CODE = YES;
				CLANG_WARN__DUPLICATE_METHOD_MATCH = YES;
				COPY_PHASE_STRIP = NO;
				DEBUG_INFORMATION_FORMAT = dwarf;
				ENABLE_STRICT_OBJC_MSGSEND = YES;
				ENABLE_TESTABILITY = YES;
				GCC_C_LANGUAGE_STANDARD = gnu11;
				GCC_DYNAMIC_NO_PIC = NO;
				GCC_NO_COMMON_BLOCKS = YES;
				GCC_OPTIMIZATION_LEVEL = 0;
				GCC_PREPROCESSOR_DEFINITIONS = (
					"DEBUG=1",
					"$(inherited)",
				);
				GCC_WARN_64_TO_32_BIT_CONVERSION = YES;
				GCC_WARN_ABOUT_RETURN_TYPE = YES_ERROR;
				GCC_WARN_UNDECLARED_SELECTOR = YES;
				GCC_WARN_UNINITIALIZED_AUTOS = YES_AGGRESSIVE;
				GCC_WARN_UNUSED_FUNCTION = YES;
				GCC_WARN_UNUSED_VARIABLE = YES;
				IPHONEOS_DEPLOYMENT_TARGET = 14.5;
				MTL_ENABLE_DEBUG_INFO = INCLUDE_SOURCE;
				MTL_FAST_MATH = YES;
				ONLY_ACTIVE_ARCH = YES;
				SDKROOT = iphoneos;
				SWIFT_ACTIVE_COMPILATION_CONDITIONS = DEBUG;
				SWIFT_OPTIMIZATION_LEVEL = "-Onone";
			};
			name = Debug;
		};
		CB1DA87F268F32BC00EA359E /* Release */ = {
			isa = XCBuildConfiguration;
			buildSettings = {
				ALWAYS_SEARCH_USER_PATHS = NO;
				CLANG_ANALYZER_NONNULL = YES;
				CLANG_ANALYZER_NUMBER_OBJECT_CONVERSION = YES_AGGRESSIVE;
				CLANG_CXX_LANGUAGE_STANDARD = "gnu++14";
				CLANG_CXX_LIBRARY = "libc++";
				CLANG_ENABLE_MODULES = YES;
				CLANG_ENABLE_OBJC_ARC = YES;
				CLANG_ENABLE_OBJC_WEAK = YES;
				CLANG_WARN_BLOCK_CAPTURE_AUTORELEASING = YES;
				CLANG_WARN_BOOL_CONVERSION = YES;
				CLANG_WARN_COMMA = YES;
				CLANG_WARN_CONSTANT_CONVERSION = YES;
				CLANG_WARN_DEPRECATED_OBJC_IMPLEMENTATIONS = YES;
				CLANG_WARN_DIRECT_OBJC_ISA_USAGE = YES_ERROR;
				CLANG_WARN_DOCUMENTATION_COMMENTS = YES;
				CLANG_WARN_EMPTY_BODY = YES;
				CLANG_WARN_ENUM_CONVERSION = YES;
				CLANG_WARN_INFINITE_RECURSION = YES;
				CLANG_WARN_INT_CONVERSION = YES;
				CLANG_WARN_NON_LITERAL_NULL_CONVERSION = YES;
				CLANG_WARN_OBJC_IMPLICIT_RETAIN_SELF = YES;
				CLANG_WARN_OBJC_LITERAL_CONVERSION = YES;
				CLANG_WARN_OBJC_ROOT_CLASS = YES_ERROR;
				CLANG_WARN_QUOTED_INCLUDE_IN_FRAMEWORK_HEADER = YES;
				CLANG_WARN_RANGE_LOOP_ANALYSIS = YES;
				CLANG_WARN_STRICT_PROTOTYPES = YES;
				CLANG_WARN_SUSPICIOUS_MOVE = YES;
				CLANG_WARN_UNGUARDED_AVAILABILITY = YES_AGGRESSIVE;
				CLANG_WARN_UNREACHABLE_CODE = YES;
				CLANG_WARN__DUPLICATE_METHOD_MATCH = YES;
				COPY_PHASE_STRIP = NO;
				DEBUG_INFORMATION_FORMAT = "dwarf-with-dsym";
				ENABLE_NS_ASSERTIONS = NO;
				ENABLE_STRICT_OBJC_MSGSEND = YES;
				GCC_C_LANGUAGE_STANDARD = gnu11;
				GCC_NO_COMMON_BLOCKS = YES;
				GCC_WARN_64_TO_32_BIT_CONVERSION = YES;
				GCC_WARN_ABOUT_RETURN_TYPE = YES_ERROR;
				GCC_WARN_UNDECLARED_SELECTOR = YES;
				GCC_WARN_UNINITIALIZED_AUTOS = YES_AGGRESSIVE;
				GCC_WARN_UNUSED_FUNCTION = YES;
				GCC_WARN_UNUSED_VARIABLE = YES;
				IPHONEOS_DEPLOYMENT_TARGET = 14.5;
				MTL_ENABLE_DEBUG_INFO = NO;
				MTL_FAST_MATH = YES;
				SDKROOT = iphoneos;
				SWIFT_COMPILATION_MODE = wholemodule;
				SWIFT_OPTIMIZATION_LEVEL = "-O";
				VALIDATE_PRODUCT = YES;
			};
			name = Release;
		};
		CB1DA881268F32BC00EA359E /* Debug */ = {
			isa = XCBuildConfiguration;
			buildSettings = {
				ASSETCATALOG_COMPILER_APPICON_NAME = AppIcon;
				ASSETCATALOG_COMPILER_GLOBAL_ACCENT_COLOR_NAME = AccentColor;
				CODE_SIGN_STYLE = Automatic;
				DEVELOPMENT_ASSET_PATHS = "\"Fructus/Preview Content\"";
				DEVELOPMENT_TEAM = LCQ857MG4P;
				ENABLE_PREVIEWS = YES;
				INFOPLIST_FILE = Fructus/Info.plist;
				IPHONEOS_DEPLOYMENT_TARGET = 14.0;
				LD_RUNPATH_SEARCH_PATHS = (
					"$(inherited)",
					"@executable_path/Frameworks",
				);
				PRODUCT_BUNDLE_IDENTIFIER = com.swiftuiclass.Fructus;
				PRODUCT_NAME = "$(TARGET_NAME)";
				SWIFT_VERSION = 5.0;
				TARGETED_DEVICE_FAMILY = "1,2";
			};
			name = Debug;
		};
		CB1DA882268F32BC00EA359E /* Release */ = {
			isa = XCBuildConfiguration;
			buildSettings = {
				ASSETCATALOG_COMPILER_APPICON_NAME = AppIcon;
				ASSETCATALOG_COMPILER_GLOBAL_ACCENT_COLOR_NAME = AccentColor;
				CODE_SIGN_STYLE = Automatic;
				DEVELOPMENT_ASSET_PATHS = "\"Fructus/Preview Content\"";
				DEVELOPMENT_TEAM = LCQ857MG4P;
				ENABLE_PREVIEWS = YES;
				INFOPLIST_FILE = Fructus/Info.plist;
				IPHONEOS_DEPLOYMENT_TARGET = 14.0;
				LD_RUNPATH_SEARCH_PATHS = (
					"$(inherited)",
					"@executable_path/Frameworks",
				);
				PRODUCT_BUNDLE_IDENTIFIER = com.swiftuiclass.Fructus;
				PRODUCT_NAME = "$(TARGET_NAME)";
				SWIFT_VERSION = 5.0;
				TARGETED_DEVICE_FAMILY = "1,2";
			};
			name = Release;
		};
/* End XCBuildConfiguration section */

/* Begin XCConfigurationList section */
		CB1DA86C268F32BA00EA359E /* Build configuration list for PBXProject "Fructus" */ = {
			isa = XCConfigurationList;
			buildConfigurations = (
				CB1DA87E268F32BC00EA359E /* Debug */,
				CB1DA87F268F32BC00EA359E /* Release */,
			);
			defaultConfigurationIsVisible = 0;
			defaultConfigurationName = Release;
		};
		CB1DA880268F32BC00EA359E /* Build configuration list for PBXNativeTarget "Fructus" */ = {
			isa = XCConfigurationList;
			buildConfigurations = (
				CB1DA881268F32BC00EA359E /* Debug */,
				CB1DA882268F32BC00EA359E /* Release */,
			);
			defaultConfigurationIsVisible = 0;
			defaultConfigurationName = Release;
		};
/* End XCConfigurationList section */
	};
	rootObject = CB1DA869268F32BA00EA359E /* Project object */;
}
